// !$*UTF8*$!
{
	archiveVersion = 1;
	classes = {
	};
	objectVersion = 46;
	objects = {

/* Begin PBXBuildFile section */
		207E47701ED3CC6D0005CDE9 /* YiRefreshFooter.m in Sources */ = {isa = PBXBuildFile; fileRef = 207E476D1ED3CC6D0005CDE9 /* YiRefreshFooter.m */; };
		207E47711ED3CC6D0005CDE9 /* YiRefreshHeader.m in Sources */ = {isa = PBXBuildFile; fileRef = 207E476F1ED3CC6D0005CDE9 /* YiRefreshHeader.m */; };
		207E47741ED3CC8F0005CDE9 /* Model.m in Sources */ = {isa = PBXBuildFile; fileRef = 207E47731ED3CC8F0005CDE9 /* Model.m */; };
		207E477B1ED3CCF90005CDE9 /* TableView.m in Sources */ = {isa = PBXBuildFile; fileRef = 207E477A1ED3CCF90005CDE9 /* TableView.m */; };
		207E477E1ED3CDB20005CDE9 /* TableViewCell.m in Sources */ = {isa = PBXBuildFile; fileRef = 207E477D1ED3CDB20005CDE9 /* TableViewCell.m */; };
		207E47811ED3CE150005CDE9 /* ViewModel.m in Sources */ = {isa = PBXBuildFile; fileRef = 207E47801ED3CE150005CDE9 /* ViewModel.m */; };
		2084BDCE1ECD278500988220 /* main.m in Sources */ = {isa = PBXBuildFile; fileRef = 2084BDCD1ECD278500988220 /* main.m */; };
		2084BDD11ECD278500988220 /* AppDelegate.m in Sources */ = {isa = PBXBuildFile; fileRef = 2084BDD01ECD278500988220 /* AppDelegate.m */; };
		2084BDD41ECD278500988220 /* ViewController.m in Sources */ = {isa = PBXBuildFile; fileRef = 2084BDD31ECD278500988220 /* ViewController.m */; };
		2084BDD71ECD278500988220 /* Main.storyboard in Resources */ = {isa = PBXBuildFile; fileRef = 2084BDD51ECD278500988220 /* Main.storyboard */; };
		2084BDD91ECD278500988220 /* Assets.xcassets in Resources */ = {isa = PBXBuildFile; fileRef = 2084BDD81ECD278500988220 /* Assets.xcassets */; };
		2084BDDC1ECD278500988220 /* LaunchScreen.storyboard in Resources */ = {isa = PBXBuildFile; fileRef = 2084BDDA1ECD278500988220 /* LaunchScreen.storyboard */; };
		2084BDE71ECD278500988220 /* RACTests.m in Sources */ = {isa = PBXBuildFile; fileRef = 2084BDE61ECD278500988220 /* RACTests.m */; };
		2084BDF21ECD278500988220 /* RACUITests.m in Sources */ = {isa = PBXBuildFile; fileRef = 2084BDF11ECD278500988220 /* RACUITests.m */; };
		A0863758D20B680F129CC508 /* libPods-RAC.a in Frameworks */ = {isa = PBXBuildFile; fileRef = 0A5C2587B1F4C36CEC719B09 /* libPods-RAC.a */; };
/* End PBXBuildFile section */

/* Begin PBXContainerItemProxy section */
		2084BDE31ECD278500988220 /* PBXContainerItemProxy */ = {
			isa = PBXContainerItemProxy;
			containerPortal = 2084BDC11ECD278500988220 /* Project object */;
			proxyType = 1;
			remoteGlobalIDString = 2084BDC81ECD278500988220;
			remoteInfo = RAC;
		};
		2084BDEE1ECD278500988220 /* PBXContainerItemProxy */ = {
			isa = PBXContainerItemProxy;
			containerPortal = 2084BDC11ECD278500988220 /* Project object */;
			proxyType = 1;
			remoteGlobalIDString = 2084BDC81ECD278500988220;
			remoteInfo = RAC;
		};
/* End PBXContainerItemProxy section */

/* Begin PBXFileReference section */
		0A5C2587B1F4C36CEC719B09 /* libPods-RAC.a */ = {isa = PBXFileReference; explicitFileType = archive.ar; includeInIndex = 0; path = "libPods-RAC.a"; sourceTree = BUILT_PRODUCTS_DIR; };
		207E476C1ED3CC6D0005CDE9 /* YiRefreshFooter.h */ = {isa = PBXFileReference; fileEncoding = 4; lastKnownFileType = sourcecode.c.h; path = YiRefreshFooter.h; sourceTree = "<group>"; };
		207E476D1ED3CC6D0005CDE9 /* YiRefreshFooter.m */ = {isa = PBXFileReference; fileEncoding = 4; lastKnownFileType = sourcecode.c.objc; path = YiRefreshFooter.m; sourceTree = "<group>"; };
		207E476E1ED3CC6D0005CDE9 /* YiRefreshHeader.h */ = {isa = PBXFileReference; fileEncoding = 4; lastKnownFileType = sourcecode.c.h; path = YiRefreshHeader.h; sourceTree = "<group>"; };
		207E476F1ED3CC6D0005CDE9 /* YiRefreshHeader.m */ = {isa = PBXFileReference; fileEncoding = 4; lastKnownFileType = sourcecode.c.objc; path = YiRefreshHeader.m; sourceTree = "<group>"; };
		207E47721ED3CC8F0005CDE9 /* Model.h */ = {isa = PBXFileReference; fileEncoding = 4; lastKnownFileType = sourcecode.c.h; path = Model.h; sourceTree = "<group>"; };
		207E47731ED3CC8F0005CDE9 /* Model.m */ = {isa = PBXFileReference; fileEncoding = 4; lastKnownFileType = sourcecode.c.objc; path = Model.m; sourceTree = "<group>"; };
		207E47791ED3CCF90005CDE9 /* TableView.h */ = {isa = PBXFileReference; fileEncoding = 4; lastKnownFileType = sourcecode.c.h; path = TableView.h; sourceTree = "<group>"; };
		207E477A1ED3CCF90005CDE9 /* TableView.m */ = {isa = PBXFileReference; fileEncoding = 4; lastKnownFileType = sourcecode.c.objc; path = TableView.m; sourceTree = "<group>"; };
		207E477C1ED3CDB20005CDE9 /* TableViewCell.h */ = {isa = PBXFileReference; fileEncoding = 4; lastKnownFileType = sourcecode.c.h; path = TableViewCell.h; sourceTree = "<group>"; };
		207E477D1ED3CDB20005CDE9 /* TableViewCell.m */ = {isa = PBXFileReference; fileEncoding = 4; lastKnownFileType = sourcecode.c.objc; path = TableViewCell.m; sourceTree = "<group>"; };
		207E477F1ED3CE150005CDE9 /* ViewModel.h */ = {isa = PBXFileReference; fileEncoding = 4; lastKnownFileType = sourcecode.c.h; path = ViewModel.h; sourceTree = "<group>"; };
		207E47801ED3CE150005CDE9 /* ViewModel.m */ = {isa = PBXFileReference; fileEncoding = 4; lastKnownFileType = sourcecode.c.objc; path = ViewModel.m; sourceTree = "<group>"; };
		2084BDC91ECD278500988220 /* RAC.app */ = {isa = PBXFileReference; explicitFileType = wrapper.application; includeInIndex = 0; path = RAC.app; sourceTree = BUILT_PRODUCTS_DIR; };
		2084BDCD1ECD278500988220 /* main.m */ = {isa = PBXFileReference; lastKnownFileType = sourcecode.c.objc; path = main.m; sourceTree = "<group>"; };
		2084BDCF1ECD278500988220 /* AppDelegate.h */ = {isa = PBXFileReference; lastKnownFileType = sourcecode.c.h; path = AppDelegate.h; sourceTree = "<group>"; };
		2084BDD01ECD278500988220 /* AppDelegate.m */ = {isa = PBXFileReference; lastKnownFileType = sourcecode.c.objc; path = AppDelegate.m; sourceTree = "<group>"; };
		2084BDD21ECD278500988220 /* ViewController.h */ = {isa = PBXFileReference; lastKnownFileType = sourcecode.c.h; path = ViewController.h; sourceTree = "<group>"; };
		2084BDD31ECD278500988220 /* ViewController.m */ = {isa = PBXFileReference; lastKnownFileType = sourcecode.c.objc; path = ViewController.m; sourceTree = "<group>"; };
		2084BDD61ECD278500988220 /* Base */ = {isa = PBXFileReference; lastKnownFileType = file.storyboard; name = Base; path = Base.lproj/Main.storyboard; sourceTree = "<group>"; };
		2084BDD81ECD278500988220 /* Assets.xcassets */ = {isa = PBXFileReference; lastKnownFileType = folder.assetcatalog; path = Assets.xcassets; sourceTree = "<group>"; };
		2084BDDB1ECD278500988220 /* Base */ = {isa = PBXFileReference; lastKnownFileType = file.storyboard; name = Base; path = Base.lproj/LaunchScreen.storyboard; sourceTree = "<group>"; };
		2084BDDD1ECD278500988220 /* Info.plist */ = {isa = PBXFileReference; lastKnownFileType = text.plist.xml; path = Info.plist; sourceTree = "<group>"; };
		2084BDE21ECD278500988220 /* RACTests.xctest */ = {isa = PBXFileReference; explicitFileType = wrapper.cfbundle; includeInIndex = 0; path = RACTests.xctest; sourceTree = BUILT_PRODUCTS_DIR; };
		2084BDE61ECD278500988220 /* RACTests.m */ = {isa = PBXFileReference; lastKnownFileType = sourcecode.c.objc; path = RACTests.m; sourceTree = "<group>"; };
		2084BDE81ECD278500988220 /* Info.plist */ = {isa = PBXFileReference; lastKnownFileType = text.plist.xml; path = Info.plist; sourceTree = "<group>"; };
		2084BDED1ECD278500988220 /* RACUITests.xctest */ = {isa = PBXFileReference; explicitFileType = wrapper.cfbundle; includeInIndex = 0; path = RACUITests.xctest; sourceTree = BUILT_PRODUCTS_DIR; };
		2084BDF11ECD278500988220 /* RACUITests.m */ = {isa = PBXFileReference; lastKnownFileType = sourcecode.c.objc; path = RACUITests.m; sourceTree = "<group>"; };
		2084BDF31ECD278500988220 /* Info.plist */ = {isa = PBXFileReference; lastKnownFileType = text.plist.xml; path = Info.plist; sourceTree = "<group>"; };
		CFB9437C0311BB0F5CA4FAE0 /* Pods-RAC.release.xcconfig */ = {isa = PBXFileReference; includeInIndex = 1; lastKnownFileType = text.xcconfig; name = "Pods-RAC.release.xcconfig"; path = "Pods/Target Support Files/Pods-RAC/Pods-RAC.release.xcconfig"; sourceTree = "<group>"; };
		FECB281FACF81F55F8337C32 /* Pods-RAC.debug.xcconfig */ = {isa = PBXFileReference; includeInIndex = 1; lastKnownFileType = text.xcconfig; name = "Pods-RAC.debug.xcconfig"; path = "Pods/Target Support Files/Pods-RAC/Pods-RAC.debug.xcconfig"; sourceTree = "<group>"; };
/* End PBXFileReference section */

/* Begin PBXFrameworksBuildPhase section */
		2084BDC61ECD278500988220 /* Frameworks */ = {
			isa = PBXFrameworksBuildPhase;
			buildActionMask = 2147483647;
			files = (
				A0863758D20B680F129CC508 /* libPods-RAC.a in Frameworks */,
			);
			runOnlyForDeploymentPostprocessing = 0;
		};
		2084BDDF1ECD278500988220 /* Frameworks */ = {
			isa = PBXFrameworksBuildPhase;
			buildActionMask = 2147483647;
			files = (
			);
			runOnlyForDeploymentPostprocessing = 0;
		};
		2084BDEA1ECD278500988220 /* Frameworks */ = {
			isa = PBXFrameworksBuildPhase;
			buildActionMask = 2147483647;
			files = (
			);
			runOnlyForDeploymentPostprocessing = 0;
		};
/* End PBXFrameworksBuildPhase section */

/* Begin PBXGroup section */
		207E476A1ED3CC6D0005CDE9 /* 3rdLibs */ = {
			isa = PBXGroup;
			children = (
				207E476B1ED3CC6D0005CDE9 /* YiRefresh */,
			);
			path = 3rdLibs;
			sourceTree = "<group>";
		};
		207E476B1ED3CC6D0005CDE9 /* YiRefresh */ = {
			isa = PBXGroup;
			children = (
				207E476C1ED3CC6D0005CDE9 /* YiRefreshFooter.h */,
				207E476D1ED3CC6D0005CDE9 /* YiRefreshFooter.m */,
				207E476E1ED3CC6D0005CDE9 /* YiRefreshHeader.h */,
				207E476F1ED3CC6D0005CDE9 /* YiRefreshHeader.m */,
			);
			path = YiRefresh;
			sourceTree = "<group>";
		};
		207E47751ED3CC9B0005CDE9 /* V */ = {
			isa = PBXGroup;
			children = (
				207E47791ED3CCF90005CDE9 /* TableView.h */,
				207E477A1ED3CCF90005CDE9 /* TableView.m */,
				207E477C1ED3CDB20005CDE9 /* TableViewCell.h */,
				207E477D1ED3CDB20005CDE9 /* TableViewCell.m */,
			);
			name = V;
			sourceTree = "<group>";
		};
		207E47761ED3CCA60005CDE9 /* C */ = {
			isa = PBXGroup;
			children = (
				2084BDD21ECD278500988220 /* ViewController.h */,
				2084BDD31ECD278500988220 /* ViewController.m */,
			);
			name = C;
			sourceTree = "<group>";
		};
		207E47771ED3CCAA0005CDE9 /* vm */ = {
			isa = PBXGroup;
			children = (
				207E477F1ED3CE150005CDE9 /* ViewModel.h */,
				207E47801ED3CE150005CDE9 /* ViewModel.m */,
			);
			name = vm;
			sourceTree = "<group>";
		};
		207E47781ED3CCC90005CDE9 /* M */ = {
			isa = PBXGroup;
			children = (
				207E47721ED3CC8F0005CDE9 /* Model.h */,
				207E47731ED3CC8F0005CDE9 /* Model.m */,
			);
			name = M;
			sourceTree = "<group>";
		};
		2084BDC01ECD278500988220 = {
			isa = PBXGroup;
			children = (
				2084BDCB1ECD278500988220 /* RAC */,
				2084BDE51ECD278500988220 /* RACTests */,
				2084BDF01ECD278500988220 /* RACUITests */,
				2084BDCA1ECD278500988220 /* Products */,
				4EB86284F36F7A9BED2040C5 /* Pods */,
				2C0E01DB56A13D77A0D39554 /* Frameworks */,
			);
			sourceTree = "<group>";
		};
		2084BDCA1ECD278500988220 /* Products */ = {
			isa = PBXGroup;
			children = (
				2084BDC91ECD278500988220 /* RAC.app */,
				2084BDE21ECD278500988220 /* RACTests.xctest */,
				2084BDED1ECD278500988220 /* RACUITests.xctest */,
			);
			name = Products;
			sourceTree = "<group>";
		};
		2084BDCB1ECD278500988220 /* RAC */ = {
			isa = PBXGroup;
			children = (
				207E47781ED3CCC90005CDE9 /* M */,
				207E47771ED3CCAA0005CDE9 /* vm */,
				207E47761ED3CCA60005CDE9 /* C */,
				207E47751ED3CC9B0005CDE9 /* V */,
				207E476A1ED3CC6D0005CDE9 /* 3rdLibs */,
				2084BDCF1ECD278500988220 /* AppDelegate.h */,
				2084BDD01ECD278500988220 /* AppDelegate.m */,
				2084BDD51ECD278500988220 /* Main.storyboard */,
				2084BDD81ECD278500988220 /* Assets.xcassets */,
				2084BDDA1ECD278500988220 /* LaunchScreen.storyboard */,
				2084BDDD1ECD278500988220 /* Info.plist */,
				2084BDCC1ECD278500988220 /* Supporting Files */,
			);
			path = RAC;
			sourceTree = "<group>";
		};
		2084BDCC1ECD278500988220 /* Supporting Files */ = {
			isa = PBXGroup;
			children = (
				2084BDCD1ECD278500988220 /* main.m */,
			);
			name = "Supporting Files";
			sourceTree = "<group>";
		};
		2084BDE51ECD278500988220 /* RACTests */ = {
			isa = PBXGroup;
			children = (
				2084BDE61ECD278500988220 /* RACTests.m */,
				2084BDE81ECD278500988220 /* Info.plist */,
			);
			path = RACTests;
			sourceTree = "<group>";
		};
		2084BDF01ECD278500988220 /* RACUITests */ = {
			isa = PBXGroup;
			children = (
				2084BDF11ECD278500988220 /* RACUITests.m */,
				2084BDF31ECD278500988220 /* Info.plist */,
			);
			path = RACUITests;
			sourceTree = "<group>";
		};
		2C0E01DB56A13D77A0D39554 /* Frameworks */ = {
			isa = PBXGroup;
			children = (
				0A5C2587B1F4C36CEC719B09 /* libPods-RAC.a */,
			);
			name = Frameworks;
			sourceTree = "<group>";
		};
		4EB86284F36F7A9BED2040C5 /* Pods */ = {
			isa = PBXGroup;
			children = (
				FECB281FACF81F55F8337C32 /* Pods-RAC.debug.xcconfig */,
				CFB9437C0311BB0F5CA4FAE0 /* Pods-RAC.release.xcconfig */,
			);
			name = Pods;
			sourceTree = "<group>";
		};
/* End PBXGroup section */

/* Begin PBXNativeTarget section */
		2084BDC81ECD278500988220 /* RAC */ = {
			isa = PBXNativeTarget;
			buildConfigurationList = 2084BDF61ECD278500988220 /* Build configuration list for PBXNativeTarget "RAC" */;
			buildPhases = (
				071CB8264912FCD6EAF9251A /* [CP] Check Pods Manifest.lock */,
				2084BDC51ECD278500988220 /* Sources */,
				2084BDC61ECD278500988220 /* Frameworks */,
				2084BDC71ECD278500988220 /* Resources */,
				471554EE45AD61E75632FE64 /* [CP] Embed Pods Frameworks */,
				9BD225A396859874F6857736 /* [CP] Copy Pods Resources */,
			);
			buildRules = (
			);
			dependencies = (
			);
			name = RAC;
			productName = RAC;
			productReference = 2084BDC91ECD278500988220 /* RAC.app */;
			productType = "com.apple.product-type.application";
		};
		2084BDE11ECD278500988220 /* RACTests */ = {
			isa = PBXNativeTarget;
			buildConfigurationList = 2084BDF91ECD278500988220 /* Build configuration list for PBXNativeTarget "RACTests" */;
			buildPhases = (
				2084BDDE1ECD278500988220 /* Sources */,
				2084BDDF1ECD278500988220 /* Frameworks */,
				2084BDE01ECD278500988220 /* Resources */,
			);
			buildRules = (
			);
			dependencies = (
				2084BDE41ECD278500988220 /* PBXTargetDependency */,
			);
			name = RACTests;
			productName = RACTests;
			productReference = 2084BDE21ECD278500988220 /* RACTests.xctest */;
			productType = "com.apple.product-type.bundle.unit-test";
		};
		2084BDEC1ECD278500988220 /* RACUITests */ = {
			isa = PBXNativeTarget;
			buildConfigurationList = 2084BDFC1ECD278500988220 /* Build configuration list for PBXNativeTarget "RACUITests" */;
			buildPhases = (
				2084BDE91ECD278500988220 /* Sources */,
				2084BDEA1ECD278500988220 /* Frameworks */,
				2084BDEB1ECD278500988220 /* Resources */,
			);
			buildRules = (
			);
			dependencies = (
				2084BDEF1ECD278500988220 /* PBXTargetDependency */,
			);
			name = RACUITests;
			productName = RACUITests;
			productReference = 2084BDED1ECD278500988220 /* RACUITests.xctest */;
			productType = "com.apple.product-type.bundle.ui-testing";
		};
/* End PBXNativeTarget section */

/* Begin PBXProject section */
		2084BDC11ECD278500988220 /* Project object */ = {
			isa = PBXProject;
			attributes = {
				LastUpgradeCheck = 0820;
				ORGANIZATIONNAME = Daniel;
				TargetAttributes = {
					2084BDC81ECD278500988220 = {
						CreatedOnToolsVersion = 8.2.1;
						ProvisioningStyle = Automatic;
					};
					2084BDE11ECD278500988220 = {
						CreatedOnToolsVersion = 8.2.1;
						ProvisioningStyle = Automatic;
						TestTargetID = 2084BDC81ECD278500988220;
					};
					2084BDEC1ECD278500988220 = {
						CreatedOnToolsVersion = 8.2.1;
						ProvisioningStyle = Automatic;
						TestTargetID = 2084BDC81ECD278500988220;
					};
				};
			};
			buildConfigurationList = 2084BDC41ECD278500988220 /* Build configuration list for PBXProject "RAC" */;
			compatibilityVersion = "Xcode 3.2";
			developmentRegion = English;
			hasScannedForEncodings = 0;
			knownRegions = (
				en,
				Base,
			);
			mainGroup = 2084BDC01ECD278500988220;
			productRefGroup = 2084BDCA1ECD278500988220 /* Products */;
			projectDirPath = "";
			projectRoot = "";
			targets = (
				2084BDC81ECD278500988220 /* RAC */,
				2084BDE11ECD278500988220 /* RACTests */,
				2084BDEC1ECD278500988220 /* RACUITests */,
			);
		};
/* End PBXProject section */

/* Begin PBXResourcesBuildPhase section */
		2084BDC71ECD278500988220 /* Resources */ = {
			isa = PBXResourcesBuildPhase;
			buildActionMask = 2147483647;
			files = (
				2084BDDC1ECD278500988220 /* LaunchScreen.storyboard in Resources */,
				2084BDD91ECD278500988220 /* Assets.xcassets in Resources */,
				2084BDD71ECD278500988220 /* Main.storyboard in Resources */,
			);
			runOnlyForDeploymentPostprocessing = 0;
		};
		2084BDE01ECD278500988220 /* Resources */ = {
			isa = PBXResourcesBuildPhase;
			buildActionMask = 2147483647;
			files = (
			);
			runOnlyForDeploymentPostprocessing = 0;
		};
		2084BDEB1ECD278500988220 /* Resources */ = {
			isa = PBXResourcesBuildPhase;
			buildActionMask = 2147483647;
			files = (
			);
			runOnlyForDeploymentPostprocessing = 0;
		};
/* End PBXResourcesBuildPhase section */

/* Begin PBXShellScriptBuildPhase section */
		071CB8264912FCD6EAF9251A /* [CP] Check Pods Manifest.lock */ = {
			isa = PBXShellScriptBuildPhase;
			buildActionMask = 2147483647;
			files = (
			);
			inputPaths = (
			);
			name = "[CP] Check Pods Manifest.lock";
			outputPaths = (
			);
			runOnlyForDeploymentPostprocessing = 0;
			shellPath = /bin/sh;
			shellScript = "diff \"${PODS_ROOT}/../Podfile.lock\" \"${PODS_ROOT}/Manifest.lock\" > /dev/null\nif [ $? != 0 ] ; then\n    # print error to STDERR\n    echo \"error: The sandbox is not in sync with the Podfile.lock. Run 'pod install' or update your CocoaPods installation.\" >&2\n    exit 1\nfi\n";
			showEnvVarsInLog = 0;
		};
		471554EE45AD61E75632FE64 /* [CP] Embed Pods Frameworks */ = {
			isa = PBXShellScriptBuildPhase;
			buildActionMask = 2147483647;
			files = (
			);
			inputPaths = (
			);
			name = "[CP] Embed Pods Frameworks";
			outputPaths = (
			);
			runOnlyForDeploymentPostprocessing = 0;
			shellPath = /bin/sh;
			shellScript = "\"${SRCROOT}/Pods/Target Support Files/Pods-RAC/Pods-RAC-frameworks.sh\"\n";
			showEnvVarsInLog = 0;
		};
		9BD225A396859874F6857736 /* [CP] Copy Pods Resources */ = {
			isa = PBXShellScriptBuildPhase;
			buildActionMask = 2147483647;
			files = (
			);
			inputPaths = (
			);
			name = "[CP] Copy Pods Resources";
			outputPaths = (
			);
			runOnlyForDeploymentPostprocessing = 0;
			shellPath = /bin/sh;
			shellScript = "\"${SRCROOT}/Pods/Target Support Files/Pods-RAC/Pods-RAC-resources.sh\"\n";
			showEnvVarsInLog = 0;
		};
/* End PBXShellScriptBuildPhase section */

/* Begin PBXSourcesBuildPhase section */
		2084BDC51ECD278500988220 /* Sources */ = {
			isa = PBXSourcesBuildPhase;
			buildActionMask = 2147483647;
			files = (
				207E47701ED3CC6D0005CDE9 /* YiRefreshFooter.m in Sources */,
				2084BDD41ECD278500988220 /* ViewController.m in Sources */,
				2084BDD11ECD278500988220 /* AppDelegate.m in Sources */,
				207E477B1ED3CCF90005CDE9 /* TableView.m in Sources */,
				207E47741ED3CC8F0005CDE9 /* Model.m in Sources */,
				207E477E1ED3CDB20005CDE9 /* TableViewCell.m in Sources */,
				207E47811ED3CE150005CDE9 /* ViewModel.m in Sources */,
				2084BDCE1ECD278500988220 /* main.m in Sources */,
				207E47711ED3CC6D0005CDE9 /* YiRefreshHeader.m in Sources */,
			);
			runOnlyForDeploymentPostprocessing = 0;
		};
		2084BDDE1ECD278500988220 /* Sources */ = {
			isa = PBXSourcesBuildPhase;
			buildActionMask = 2147483647;
			files = (
				2084BDE71ECD278500988220 /* RACTests.m in Sources */,
			);
			runOnlyForDeploymentPostprocessing = 0;
		};
		2084BDE91ECD278500988220 /* Sources */ = {
			isa = PBXSourcesBuildPhase;
			buildActionMask = 2147483647;
			files = (
				2084BDF21ECD278500988220 /* RACUITests.m in Sources */,
			);
			runOnlyForDeploymentPostprocessing = 0;
		};
/* End PBXSourcesBuildPhase section */

/* Begin PBXTargetDependency section */
		2084BDE41ECD278500988220 /* PBXTargetDependency */ = {
			isa = PBXTargetDependency;
			target = 2084BDC81ECD278500988220 /* RAC */;
			targetProxy = 2084BDE31ECD278500988220 /* PBXContainerItemProxy */;
		};
		2084BDEF1ECD278500988220 /* PBXTargetDependency */ = {
			isa = PBXTargetDependency;
			target = 2084BDC81ECD278500988220 /* RAC */;
			targetProxy = 2084BDEE1ECD278500988220 /* PBXContainerItemProxy */;
		};
/* End PBXTargetDependency section */

/* Begin PBXVariantGroup section */
		2084BDD51ECD278500988220 /* Main.storyboard */ = {
			isa = PBXVariantGroup;
			children = (
				2084BDD61ECD278500988220 /* Base */,
			);
			name = Main.storyboard;
			sourceTree = "<group>";
		};
		2084BDDA1ECD278500988220 /* LaunchScreen.storyboard */ = {
			isa = PBXVariantGroup;
			children = (
				2084BDDB1ECD278500988220 /* Base */,
			);
			name = LaunchScreen.storyboard;
			sourceTree = "<group>";
		};
/* End PBXVariantGroup section */

/* Begin XCBuildConfiguration section */
		2084BDF41ECD278500988220 /* Debug */ = {
			isa = XCBuildConfiguration;
			buildSettings = {
				ALWAYS_SEARCH_USER_PATHS = NO;
				CLANG_ANALYZER_NONNULL = YES;
				CLANG_CXX_LANGUAGE_STANDARD = "gnu++0x";
				CLANG_CXX_LIBRARY = "libc++";
				CLANG_ENABLE_MODULES = YES;
				CLANG_ENABLE_OBJC_ARC = YES;
				CLANG_WARN_BOOL_CONVERSION = YES;
				CLANG_WARN_CONSTANT_CONVERSION = YES;
				CLANG_WARN_DIRECT_OBJC_ISA_USAGE = YES_ERROR;
				CLANG_WARN_DOCUMENTATION_COMMENTS = YES;
				CLANG_WARN_EMPTY_BODY = YES;
				CLANG_WARN_ENUM_CONVERSION = YES;
				CLANG_WARN_INFINITE_RECURSION = YES;
				CLANG_WARN_INT_CONVERSION = YES;
				CLANG_WARN_OBJC_ROOT_CLASS = YES_ERROR;
				CLANG_WARN_SUSPICIOUS_MOVE = YES;
				CLANG_WARN_UNREACHABLE_CODE = YES;
				CLANG_WARN__DUPLICATE_METHOD_MATCH = YES;
				"CODE_SIGN_IDENTITY[sdk=iphoneos*]" = "iPhone Developer";
				COPY_PHASE_STRIP = NO;
				DEBUG_INFORMATION_FORMAT = dwarf;
				ENABLE_STRICT_OBJC_MSGSEND = YES;
				ENABLE_TESTABILITY = YES;
				GCC_C_LANGUAGE_STANDARD = gnu99;
				GCC_DYNAMIC_NO_PIC = NO;
				GCC_NO_COMMON_BLOCKS = YES;
				GCC_OPTIMIZATION_LEVEL = 0;
				GCC_PREPROCESSOR_DEFINITIONS = (
					"DEBUG=1",
					"$(inherited)",
				);
				GCC_WARN_64_TO_32_BIT_CONVERSION = YES;
				GCC_WARN_ABOUT_RETURN_TYPE = YES_ERROR;
				GCC_WARN_UNDECLARED_SELECTOR = YES;
				GCC_WARN_UNINITIALIZED_AUTOS = YES_AGGRESSIVE;
				GCC_WARN_UNUSED_FUNCTION = YES;
				GCC_WARN_UNUSED_VARIABLE = YES;
				IPHONEOS_DEPLOYMENT_TARGET = 10.2;
				MTL_ENABLE_DEBUG_INFO = YES;
				ONLY_ACTIVE_ARCH = YES;
				SDKROOT = iphoneos;
				TARGETED_DEVICE_FAMILY = "1,2";
			};
			name = Debug;
		};
		2084BDF51ECD278500988220 /* Release */ = {
			isa = XCBuildConfiguration;
			buildSettings = {
				ALWAYS_SEARCH_USER_PATHS = NO;
				CLANG_ANALYZER_NONNULL = YES;
				CLANG_CXX_LANGUAGE_STANDARD = "gnu++0x";
				CLANG_CXX_LIBRARY = "libc++";
				CLANG_ENABLE_MODULES = YES;
				CLANG_ENABLE_OBJC_ARC = YES;
				CLANG_WARN_BOOL_CONVERSION = YES;
				CLANG_WARN_CONSTANT_CONVERSION = YES;
				CLANG_WARN_DIRECT_OBJC_ISA_USAGE = YES_ERROR;
				CLANG_WARN_DOCUMENTATION_COMMENTS = YES;
				CLANG_WARN_EMPTY_BODY = YES;
				CLANG_WARN_ENUM_CONVERSION = YES;
				CLANG_WARN_INFINITE_RECURSION = YES;
				CLANG_WARN_INT_CONVERSION = YES;
				CLANG_WARN_OBJC_ROOT_CLASS = YES_ERROR;
				CLANG_WARN_SUSPICIOUS_MOVE = YES;
				CLANG_WARN_UNREACHABLE_CODE = YES;
				CLANG_WARN__DUPLICATE_METHOD_MATCH = YES;
				"CODE_SIGN_IDENTITY[sdk=iphoneos*]" = "iPhone Developer";
				COPY_PHASE_STRIP = NO;
				DEBUG_INFORMATION_FORMAT = "dwarf-with-dsym";
				ENABLE_NS_ASSERTIONS = NO;
				ENABLE_STRICT_OBJC_MSGSEND = YES;
				GCC_C_LANGUAGE_STANDARD = gnu99;
				GCC_NO_COMMON_BLOCKS = YES;
				GCC_WARN_64_TO_32_BIT_CONVERSION = YES;
				GCC_WARN_ABOUT_RETURN_TYPE = YES_ERROR;
				GCC_WARN_UNDECLARED_SELECTOR = YES;
				GCC_WARN_UNINITIALIZED_AUTOS = YES_AGGRESSIVE;
				GCC_WARN_UNUSED_FUNCTION = YES;
				GCC_WARN_UNUSED_VARIABLE = YES;
				IPHONEOS_DEPLOYMENT_TARGET = 10.2;
				MTL_ENABLE_DEBUG_INFO = NO;
				SDKROOT = iphoneos;
				TARGETED_DEVICE_FAMILY = "1,2";
				VALIDATE_PRODUCT = YES;
			};
			name = Release;
		};
		2084BDF71ECD278500988220 /* Debug */ = {
			isa = XCBuildConfiguration;
			baseConfigurationReference = FECB281FACF81F55F8337C32 /* Pods-RAC.debug.xcconfig */;
			buildSettings = {
				ASSETCATALOG_COMPILER_APPICON_NAME = AppIcon;
				INFOPLIST_FILE = RAC/Info.plist;
				LD_RUNPATH_SEARCH_PATHS = "$(inherited) @executable_path/Frameworks";
				PRODUCT_BUNDLE_IDENTIFIER = "-23.RAC";
				PRODUCT_NAME = "$(TARGET_NAME)";
			};
			name = Debug;
		};
		2084BDF81ECD278500988220 /* Release */ = {
			isa = XCBuildConfiguration;
			baseConfigurationReference = CFB9437C0311BB0F5CA4FAE0 /* Pods-RAC.release.xcconfig */;
			buildSettings = {
				ASSETCATALOG_COMPILER_APPICON_NAME = AppIcon;
				INFOPLIST_FILE = RAC/Info.plist;
				LD_RUNPATH_SEARCH_PATHS = "$(inherited) @executable_path/Frameworks";
				PRODUCT_BUNDLE_IDENTIFIER = "-23.RAC";
				PRODUCT_NAME = "$(TARGET_NAME)";
			};
			name = Release;
		};
		2084BDFA1ECD278500988220 /* Debug */ = {
			isa = XCBuildConfiguration;
			buildSettings = {
				BUNDLE_LOADER = "$(TEST_HOST)";
				INFOPLIST_FILE = RACTests/Info.plist;
				LD_RUNPATH_SEARCH_PATHS = "$(inherited) @executable_path/Frameworks @loader_path/Frameworks";
				PRODUCT_BUNDLE_IDENTIFIER = "-23.RACTests";
				PRODUCT_NAME = "$(TARGET_NAME)";
				TEST_HOST = "$(BUILT_PRODUCTS_DIR)/RAC.app/RAC";
			};
			name = Debug;
		};
		2084BDFB1ECD278500988220 /* Release */ = {
			isa = XCBuildConfiguration;
			buildSettings = {
				BUNDLE_LOADER = "$(TEST_HOST)";
				INFOPLIST_FILE = RACTests/Info.plist;
				LD_RUNPATH_SEARCH_PATHS = "$(inherited) @executable_path/Frameworks @loader_path/Frameworks";
				PRODUCT_BUNDLE_IDENTIFIER = "-23.RACTests";
				PRODUCT_NAME = "$(TARGET_NAME)";
				TEST_HOST = "$(BUILT_PRODUCTS_DIR)/RAC.app/RAC";
			};
			name = Release;
		};
		2084BDFD1ECD278500988220 /* Debug */ = {
			isa = XCBuildConfiguration;
			buildSettings = {
				INFOPLIST_FILE = RACUITests/Info.plist;
				LD_RUNPATH_SEARCH_PATHS = "$(inherited) @executable_path/Frameworks @loader_path/Frameworks";
				PRODUCT_BUNDLE_IDENTIFIER = "-23.RACUITests";
				PRODUCT_NAME = "$(TARGET_NAME)";
				TEST_TARGET_NAME = RAC;
			};
			name = Debug;
		};
		2084BDFE1ECD278500988220 /* Release */ = {
			isa = XCBuildConfiguration;
			buildSettings = {
				INFOPLIST_FILE = RACUITests/Info.plist;
				LD_RUNPATH_SEARCH_PATHS = "$(inherited) @executable_path/Frameworks @loader_path/Frameworks";
				PRODUCT_BUNDLE_IDENTIFIER = "-23.RACUITests";
				PRODUCT_NAME = "$(TARGET_NAME)";
				TEST_TARGET_NAME = RAC;
			};
			name = Release;
		};
/* End XCBuildConfiguration section */

/* Begin XCConfigurationList section */
		2084BDC41ECD278500988220 /* Build configuration list for PBXProject "RAC" */ = {
			isa = XCConfigurationList;
			buildConfigurations = (
				2084BDF41ECD278500988220 /* Debug */,
				2084BDF51ECD278500988220 /* Release */,
			);
			defaultConfigurationIsVisible = 0;
			defaultConfigurationName = Release;
		};
		2084BDF61ECD278500988220 /* Build configuration list for PBXNativeTarget "RAC" */ = {
			isa = XCConfigurationList;
			buildConfigurations = (
				2084BDF71ECD278500988220 /* Debug */,
				2084BDF81ECD278500988220 /* Release */,
			);
			defaultConfigurationIsVisible = 0;
			defaultConfigurationName = Release;
		};
		2084BDF91ECD278500988220 /* Build configuration list for PBXNativeTarget "RACTests" */ = {
			isa = XCConfigurationList;
			buildConfigurations = (
				2084BDFA1ECD278500988220 /* Debug */,
				2084BDFB1ECD278500988220 /* Release */,
			);
			defaultConfigurationIsVisible = 0;
			defaultConfigurationName = Release;
		};
		2084BDFC1ECD278500988220 /* Build configuration list for PBXNativeTarget "RACUITests" */ = {
			isa = XCConfigurationList;
			buildConfigurations = (
				2084BDFD1ECD278500988220 /* Debug */,
				2084BDFE1ECD278500988220 /* Release */,
			);
			defaultConfigurationIsVisible = 0;
			defaultConfigurationName = Release;
		};
/* End XCConfigurationList section */
	};
	rootObject = 2084BDC11ECD278500988220 /* Project object */;
}
